schema: '2.0'
stages:
  prepare:
    cmd: poetry run python -m garbage_classification.dataset prepare
    deps:
    - path: data/raw/Garbage classification/Garbage classification/
      hash: md5
      md5: 2dc95c0f0adfa3c354b4c80d8aff2c3b.dir
      size: 43282402
      nfiles: 2527
    - path: garbage_classification/dataset.py
      hash: md5
      md5: f3d8ef2a4e441bb1917dea3150a4b275
      size: 4523
    params:
      params.yaml:
        prepare.image_extensions:
        - .jpg
        - .jpeg
        - .png
    outs:
    - path: data/interim/cleaned/
      hash: md5
      md5: 839ab736c53571ca565b7c5ecadc0858.dir
      size: 43201834
      nfiles: 2521
  split:
    cmd: poetry run python -m garbage_classification.dataset split
    deps:
    - path: data/interim/cleaned/
      hash: md5
      md5: 839ab736c53571ca565b7c5ecadc0858.dir
      size: 43201834
      nfiles: 2521
    - path: data/raw/class_mapping.csv
      hash: md5
      md5: 2ad8b40d0564cb39eb47480197c76bc8
      size: 102
    - path: data/raw/one-indexed-files-notrash_test.txt
      hash: md5
      md5: f2704514ea6a1565c6efef08ae41dedc
      size: 6774
    - path: data/raw/one-indexed-files-notrash_train.txt
      hash: md5
      md5: 40dba957aeae1b6a729c65e196d0d636
      size: 27912
    - path: data/raw/one-indexed-files-notrash_val.txt
      hash: md5
      md5: 518bb0bf6bb2366d08ef1e7d3eae135f
      size: 5147
    - path: garbage_classification/dataset.py
      hash: md5
      md5: f3d8ef2a4e441bb1917dea3150a4b275
      size: 4523
    params:
      params.yaml:
        split.seed: 42
    outs:
    - path: data/processed/test/
      hash: md5
      md5: 678020576642bab0e9bcec846ee62302.dir
      size: 7606528
      nfiles: 430
    - path: data/processed/train/
      hash: md5
      md5: dcaaaac6a4b59951b904fa1632ff1025.dir
      size: 29949221
      nfiles: 1764
    - path: data/processed/val/
      hash: md5
      md5: fc53486c392d4be6204e56a5e89f0b16.dir
      size: 5646085
      nfiles: 327
  train:
    cmd: poetry run python -m garbage_classification.modeling.train
    deps:
    - path: data/processed/train/
      hash: md5
      md5: dcaaaac6a4b59951b904fa1632ff1025.dir
      size: 29949221
      nfiles: 1764
    - path: data/processed/val/
      hash: md5
      md5: fc53486c392d4be6204e56a5e89f0b16.dir
      size: 5646085
      nfiles: 327
    - path: garbage_classification/modeling/train.py
      hash: md5
      md5: 6f7b8099922bb0ed0bad305c78ad5f73
      size: 14175
    params:
      params.yaml:
        train.batch_size: 32
        train.early_stopping_patience: 5
        train.epochs: 30
        train.lr: 0.001
        train.model_arch: resnet18.tv_in1k
        train.scheduler: none
        train.strategy: full_finetune
        train.warmup_epochs: 3
    outs:
    - path: metrics/train_metrics.json
      hash: md5
      md5: 7673311e7094dba6e33f218f21ecdcd8
      size: 103
    - path: models/model.pth
      hash: md5
      md5: d3c10adf2db5fc1c58113b03889727f7
      size: 44791819
    - path: models/model_metadata.json
      hash: md5
      md5: cea4c5465934324761bd3e69d7e99fde
      size: 99
  evaluate:
    cmd: poetry run python -m garbage_classification.modeling.predict
    deps:
    - path: data/processed/test/
      hash: md5
      md5: 678020576642bab0e9bcec846ee62302.dir
      size: 7606528
      nfiles: 430
    - path: garbage_classification/modeling/predict.py
      hash: md5
      md5: abcba25f6375f892186a7683888aa943
      size: 3384
    - path: models/model.pth
      hash: md5
      md5: d3c10adf2db5fc1c58113b03889727f7
      size: 44791819
    - path: models/model_metadata.json
      hash: md5
      md5: cea4c5465934324761bd3e69d7e99fde
      size: 99
    params:
      params.yaml:
        evaluate.batch_size: 32
    outs:
    - path: metrics/confusion_matrix.csv
      hash: md5
      md5: f2afd61234b97418b21fad36dc3a1b07
      size: 171
    - path: metrics/eval_metrics.json
      hash: md5
      md5: aa7cdc40643fea05109638280a0ab2b7
      size: 78
