schema: '2.0'
stages:
  prepare:
    cmd: poetry run python -m garbage_classification.dataset prepare
    deps:
    - path: data/raw/Garbage classification/Garbage classification/
      hash: md5
      md5: 2dc95c0f0adfa3c354b4c80d8aff2c3b.dir
      size: 43282402
      nfiles: 2527
    - path: garbage_classification/dataset.py
      hash: md5
      md5: 22d60e6526e2039b0294045a4d3bf219
      size: 4526
    params:
      params.yaml:
        prepare.image_extensions:
        - .jpg
        - .jpeg
        - .png
    outs:
    - path: data/interim/cleaned/
      hash: md5
      md5: 839ab736c53571ca565b7c5ecadc0858.dir
      size: 43201834
      nfiles: 2521
  split:
    cmd: poetry run python -m garbage_classification.dataset split
    deps:
    - path: data/interim/cleaned/
      hash: md5
      md5: 839ab736c53571ca565b7c5ecadc0858.dir
      size: 43201834
      nfiles: 2521
    - path: data/raw/class_mapping.csv
      hash: md5
      md5: 2ad8b40d0564cb39eb47480197c76bc8
      size: 102
    - path: data/raw/one-indexed-files-notrash_test.txt
      hash: md5
      md5: f2704514ea6a1565c6efef08ae41dedc
      size: 6774
    - path: data/raw/one-indexed-files-notrash_train.txt
      hash: md5
      md5: 40dba957aeae1b6a729c65e196d0d636
      size: 27912
    - path: data/raw/one-indexed-files-notrash_val.txt
      hash: md5
      md5: 518bb0bf6bb2366d08ef1e7d3eae135f
      size: 5147
    - path: garbage_classification/dataset.py
      hash: md5
      md5: 22d60e6526e2039b0294045a4d3bf219
      size: 4526
    params:
      params.yaml:
        split.seed: 42
    outs:
    - path: data/processed/test/
      hash: md5
      md5: 678020576642bab0e9bcec846ee62302.dir
      size: 7606528
      nfiles: 430
    - path: data/processed/train/
      hash: md5
      md5: dcaaaac6a4b59951b904fa1632ff1025.dir
      size: 29949221
      nfiles: 1764
    - path: data/processed/val/
      hash: md5
      md5: fc53486c392d4be6204e56a5e89f0b16.dir
      size: 5646085
      nfiles: 327
  train:
    cmd: poetry run python -m garbage_classification.modeling.train
    deps:
    - path: data/processed/train/
      hash: md5
      md5: dcaaaac6a4b59951b904fa1632ff1025.dir
      size: 29949221
      nfiles: 1764
    - path: data/processed/val/
      hash: md5
      md5: fc53486c392d4be6204e56a5e89f0b16.dir
      size: 5646085
      nfiles: 327
    - path: garbage_classification/modeling/train.py
      hash: md5
      md5: 42babf4e4de885833b5cfc59ff825663
      size: 7538
    params:
      params.yaml:
        train.batch_size: 32
        train.early_stopping_patience: 5
        train.epochs: 30
        train.lr: 0.001
        train.model_arch: resnet18
        train.strategy: v1
    outs:
    - path: metrics/train_metrics.json
      hash: md5
      md5: f77561941294302f35013a1696287f5a
      size: 104
    - path: models/model.pth
      hash: md5
      md5: ec6c1fca698578c73bf0c91d4c267b23
      size: 44790859
  evaluate:
    cmd: poetry run python -m garbage_classification.modeling.predict
    deps:
    - path: data/processed/test/
      hash: md5
      md5: 678020576642bab0e9bcec846ee62302.dir
      size: 7606528
      nfiles: 430
    - path: garbage_classification/modeling/predict.py
      hash: md5
      md5: 4dc6cdd77e3e994723e29d0c0901d6b2
      size: 3224
    - path: models/model.pth
      hash: md5
      md5: ec6c1fca698578c73bf0c91d4c267b23
      size: 44790859
    params:
      params.yaml:
        evaluate.batch_size: 32
    outs:
    - path: metrics/confusion_matrix.csv
      hash: md5
      md5: c25674199439b6b4f0ff0cd59c0743b7
      size: 171
    - path: metrics/eval_metrics.json
      hash: md5
      md5: 7ece1740ee2e4ed69b1c6164637710e6
      size: 78
